
Microsoft Visual Studio Solution File, Format Version 12.00
# Visual Studio Version 17
VisualStudioVersion = 17.4.33122.133
MinimumVisualStudioVersion = 10.0.40219.1
Project("{FAE04EC0-301F-11D3-BF4B-00C04F79EFBC}") = "ExtraDreamshields", "ExtraDreamshields\ExtraDreamshields.csproj", "{F966258E-E79B-487E-BECB-E8674A5F75D0}"
EndProject
Project("{2150E333-8FDC-42A3-9474-1A3956D46DE8}") = "Solution Files", "Solution Files", "{37D673FD-68B7-401F-9EB5-2B6BC48FCC83}"
	ProjectSection(SolutionItems) = preProject
		.github\workflows\build.yml = .github\workflows\build.yml
		.github\dependabot.yml = .github\dependabot.yml
		README.md = README.md
	EndProjectSection
EndProject
Global
	GlobalSection(SolutionConfigurationPlatforms) = preSolution
		Debug|Any CPU = Debug|Any CPU
		Release|Any CPU = Release|Any CPU
	EndGlobalSection
	GlobalSection(ProjectConfigurationPlatforms) = postSolution
		{F966258E-E79B-487E-BECB-E8674A5F75D0}.Debug|Any CPU.ActiveCfg = Debug|Any CPU
		{F966258E-E79B-487E-BECB-E8674A5F75D0}.Debug|Any CPU.Build.0 = Debug|Any CPU
		{F966258E-E79B-487E-BECB-E8674A5F75D0}.Release|Any CPU.ActiveCfg = Release|Any CPU
		{F966258E-E79B-487E-BECB-E8674A5F75D0}.Release|Any CPU.Build.0 = Release|Any CPU
	EndGlobalSection
	GlobalSection(SolutionProperties) = preSolution
		HideSolutionNode = FALSE
	EndGlobalSection
	GlobalSection(ExtensibilityGlobals) = postSolution
		SolutionGuid = {D5A736AF-C56C-4F32-9158-6CE00FC4366F}
	EndGlobalSection
EndGlobal
